
Microsoft Visual Studio Solution File, Format Version 12.00
# Visual Studio Version 16
VisualStudioVersion = 16.0.29926.136
MinimumVisualStudioVersion = 10.0.40219.1
Project("{FAE04EC0-301F-11D3-BF4B-00C04F79EFBC}") = "Ex", "Ex.csproj", "{D559752F-5C5B-463E-8FC7-CB0B561AE221}"
EndProject
Project("{FAE04EC0-301F-11D3-BF4B-00C04F79EFBC}") = "ExLayer.DAL", "..\ExLayer.DAL\ExLayer.DAL.csproj", "{E9E71F10-1472-4D5D-9D75-169DC7FF5375}"
EndProject
Project("{FAE04EC0-301F-11D3-BF4B-00C04F79EFBC}") = "ExLayer.BLL", "..\ExLayer.BLL\ExLayer.BLL.csproj", "{4EB63CA8-85A9-43F6-87FD-476274351CA8}"
EndProject
Global
	GlobalSection(SolutionConfigurationPlatforms) = preSolution
		Debug|Any CPU = Debug|Any CPU
		Release|Any CPU = Release|Any CPU
	EndGlobalSection
	GlobalSection(ProjectConfigurationPlatforms) = postSolution
		{D559752F-5C5B-463E-8FC7-CB0B561AE221}.Debug|Any CPU.ActiveCfg = Debug|Any CPU
		{D559752F-5C5B-463E-8FC7-CB0B561AE221}.Debug|Any CPU.Build.0 = Debug|Any CPU
		{D559752F-5C5B-463E-8FC7-CB0B561AE221}.Release|Any CPU.ActiveCfg = Release|Any CPU
		{D559752F-5C5B-463E-8FC7-CB0B561AE221}.Release|Any CPU.Build.0 = Release|Any CPU
		{E9E71F10-1472-4D5D-9D75-169DC7FF5375}.Debug|Any CPU.ActiveCfg = Debug|Any CPU
		{E9E71F10-1472-4D5D-9D75-169DC7FF5375}.Debug|Any CPU.Build.0 = Debug|Any CPU
		{E9E71F10-1472-4D5D-9D75-169DC7FF5375}.Release|Any CPU.ActiveCfg = Release|Any CPU
		{E9E71F10-1472-4D5D-9D75-169DC7FF5375}.Release|Any CPU.Build.0 = Release|Any CPU
		{4EB63CA8-85A9-43F6-87FD-476274351CA8}.Debug|Any CPU.ActiveCfg = Debug|Any CPU
		{4EB63CA8-85A9-43F6-87FD-476274351CA8}.Debug|Any CPU.Build.0 = Debug|Any CPU
		{4EB63CA8-85A9-43F6-87FD-476274351CA8}.Release|Any CPU.ActiveCfg = Release|Any CPU
		{4EB63CA8-85A9-43F6-87FD-476274351CA8}.Release|Any CPU.Build.0 = Release|Any CPU
	EndGlobalSection
	GlobalSection(SolutionProperties) = preSolution
		HideSolutionNode = FALSE
	EndGlobalSection
	GlobalSection(ExtensibilityGlobals) = postSolution
		SolutionGuid = {CE4CF9D0-9536-477C-923B-A01B6AAB2B57}
	EndGlobalSection
EndGlobal
